
Microsoft Visual Studio Solution File, Format Version 12.00
# Visual Studio 15
VisualStudioVersion = 15.0.28307.757
MinimumVisualStudioVersion = 10.0.40219.1
Project("{FAE04EC0-301F-11D3-BF4B-00C04F79EFBC}") = "taskList", "taskList\taskList.csproj", "{29FE2626-E433-4D23-8AEA-0F32D819FB39}"
EndProject
Global
	GlobalSection(SolutionConfigurationPlatforms) = preSolution
		Debug|Any CPU = Debug|Any CPU
		Release|Any CPU = Release|Any CPU
	EndGlobalSection
	GlobalSection(ProjectConfigurationPlatforms) = postSolution
		{29FE2626-E433-4D23-8AEA-0F32D819FB39}.Debug|Any CPU.ActiveCfg = Debug|Any CPU
		{29FE2626-E433-4D23-8AEA-0F32D819FB39}.Debug|Any CPU.Build.0 = Debug|Any CPU
		{29FE2626-E433-4D23-8AEA-0F32D819FB39}.Release|Any CPU.ActiveCfg = Release|Any CPU
		{29FE2626-E433-4D23-8AEA-0F32D819FB39}.Release|Any CPU.Build.0 = Release|Any CPU
	EndGlobalSection
	GlobalSection(SolutionProperties) = preSolution
		HideSolutionNode = FALSE
	EndGlobalSection
	GlobalSection(ExtensibilityGlobals) = postSolution
		SolutionGuid = {F7837F50-EC8F-48AA-A8E1-BCC734FE80BC}
	EndGlobalSection
EndGlobal
